// !$*UTF8*$!
{
	archiveVersion = 1;
	classes = {
	};
	objectVersion = 48;
	objects = {

/* Begin PBXBuildFile section */
		4A19547221A7A445007ADFCA /* LogManager.m in Sources */ = {isa = PBXBuildFile; fileRef = 4A19547021A7A445007ADFCA /* LogManager.m */; };
		4A19548D21A7F7BF007ADFCA /* PWInfoBoard.m in Sources */ = {isa = PBXBuildFile; fileRef = 4A19548821A7F7BE007ADFCA /* PWInfoBoard.m */; };
		4A19548E21A7F7BF007ADFCA /* PWInfoBoardCell.m in Sources */ = {isa = PBXBuildFile; fileRef = 4A19548921A7F7BE007ADFCA /* PWInfoBoardCell.m */; };
		4A19548F21A7F7BF007ADFCA /* PWInfoInitialView.m in Sources */ = {isa = PBXBuildFile; fileRef = 4A19548A21A7F7BE007ADFCA /* PWInfoInitialView.m */; };
		4A19550721ABE4D8007ADFCA /* MonitorListCell.m in Sources */ = {isa = PBXBuildFile; fileRef = 4A19550621ABE4D8007ADFCA /* MonitorListCell.m */; };
		4A6C2866219BF75F0059BB08 /* AppDelegate.m in Sources */ = {isa = PBXBuildFile; fileRef = 4A6C2865219BF75E0059BB08 /* AppDelegate.m */; };
		4A6C2872219C156D0059BB08 /* PWMNInputItem.m in Sources */ = {isa = PBXBuildFile; fileRef = 4A6C286E219C156D0059BB08 /* PWMNInputItem.m */; };
		4A6C2873219C156D0059BB08 /* PWMNView.m in Sources */ = {isa = PBXBuildFile; fileRef = 4A6C2871219C156D0059BB08 /* PWMNView.m */; };
		4A6C287D219C1B9C0059BB08 /* MainTabBarController.m in Sources */ = {isa = PBXBuildFile; fileRef = 4A6C287C219C1B9C0059BB08 /* MainTabBarController.m */; };
		4A6C2884219D16790059BB08 /* CCNavigationController.m in Sources */ = {isa = PBXBuildFile; fileRef = 4A6C2883219D16790059BB08 /* CCNavigationController.m */; };
		4A6C2887219D50980059BB08 /* RootViewController.m in Sources */ = {isa = PBXBuildFile; fileRef = 4A6C2886219D50980059BB08 /* RootViewController.m */; };
		4A6C288F219D59700059BB08 /* RefreshTableView.m in Sources */ = {isa = PBXBuildFile; fileRef = 4A6C288E219D59700059BB08 /* RefreshTableView.m */; };
		4A6C289821A2B6870059BB08 /* BaseWebVC.m in Sources */ = {isa = PBXBuildFile; fileRef = 4A6C289721A2B6870059BB08 /* BaseWebVC.m */; };
		4A95BB8D217DAD6100FC2979 /* Main.storyboard in Resources */ = {isa = PBXBuildFile; fileRef = 4A95BB8B217DAD6100FC2979 /* Main.storyboard */; };
		4A95BB8F217DAD6100FC2979 /* Assets.xcassets in Resources */ = {isa = PBXBuildFile; fileRef = 4A95BB8E217DAD6100FC2979 /* Assets.xcassets */; };
		4A95BB92217DAD6100FC2979 /* LaunchScreen.storyboard in Resources */ = {isa = PBXBuildFile; fileRef = 4A95BB90217DAD6100FC2979 /* LaunchScreen.storyboard */; };
		4A95BB95217DAD6100FC2979 /* main.m in Sources */ = {isa = PBXBuildFile; fileRef = 4A95BB94217DAD6100FC2979 /* main.m */; };
		4A95BBB7217DB76100FC2979 /* UIFont+runtime.m in Sources */ = {isa = PBXBuildFile; fileRef = 4A95BBB5217DB76100FC2979 /* UIFont+runtime.m */; };
		4A95BBD82181C52200FC2979 /* InfoPlist.strings in Resources */ = {isa = PBXBuildFile; fileRef = 4A95BBDA2181C52200FC2979 /* InfoPlist.strings */; };
		4A95BBDE2181C76F00FC2979 /* Localizable.strings in Resources */ = {isa = PBXBuildFile; fileRef = 4A95BBE02181C76F00FC2979 /* Localizable.strings */; };
		4ABF426321ACDCBE002AF34E /* MonitorListModel.m in Sources */ = {isa = PBXBuildFile; fileRef = 4ABF426221ACDCBE002AF34E /* MonitorListModel.m */; };
		EE2F6C2A4D1F68EF40F9CE3D /* libPods-App.a in Frameworks */ = {isa = PBXBuildFile; fileRef = B970E690A7749BE7FFE2775D /* libPods-App.a */; };
/* End PBXBuildFile section */

/* Begin PBXFileReference section */
		2151DBDF9517705F58B77BDE /* Pods-App.debug.xcconfig */ = {isa = PBXFileReference; includeInIndex = 1; lastKnownFileType = text.xcconfig; name = "Pods-App.debug.xcconfig"; path = "Pods/Target Support Files/Pods-App/Pods-App.debug.xcconfig"; sourceTree = "<group>"; };
		4A19547021A7A445007ADFCA /* LogManager.m */ = {isa = PBXFileReference; fileEncoding = 4; lastKnownFileType = sourcecode.c.objc; path = LogManager.m; sourceTree = "<group>"; };
		4A19547121A7A445007ADFCA /* LogManager.h */ = {isa = PBXFileReference; fileEncoding = 4; lastKnownFileType = sourcecode.c.h; path = LogManager.h; sourceTree = "<group>"; };
		4A19548721A7F7BE007ADFCA /* PWInfoInitialView.h */ = {isa = PBXFileReference; fileEncoding = 4; lastKnownFileType = sourcecode.c.h; path = PWInfoInitialView.h; sourceTree = "<group>"; };
		4A19548821A7F7BE007ADFCA /* PWInfoBoard.m */ = {isa = PBXFileReference; fileEncoding = 4; lastKnownFileType = sourcecode.c.objc; path = PWInfoBoard.m; sourceTree = "<group>"; };
		4A19548921A7F7BE007ADFCA /* PWInfoBoardCell.m */ = {isa = PBXFileReference; fileEncoding = 4; lastKnownFileType = sourcecode.c.objc; path = PWInfoBoardCell.m; sourceTree = "<group>"; };
		4A19548A21A7F7BE007ADFCA /* PWInfoInitialView.m */ = {isa = PBXFileReference; fileEncoding = 4; lastKnownFileType = sourcecode.c.objc; path = PWInfoInitialView.m; sourceTree = "<group>"; };
		4A19548B21A7F7BE007ADFCA /* PWInfoBoardCell.h */ = {isa = PBXFileReference; fileEncoding = 4; lastKnownFileType = sourcecode.c.h; path = PWInfoBoardCell.h; sourceTree = "<group>"; };
		4A19548C21A7F7BE007ADFCA /* PWInfoBoard.h */ = {isa = PBXFileReference; fileEncoding = 4; lastKnownFileType = sourcecode.c.h; path = PWInfoBoard.h; sourceTree = "<group>"; };
		4A19549021A7FEDE007ADFCA /* UtilsMacros.h */ = {isa = PBXFileReference; fileEncoding = 4; lastKnownFileType = sourcecode.c.h; path = UtilsMacros.h; sourceTree = "<group>"; };
		4A19549121A8060D007ADFCA /* PrefixHeader.pch */ = {isa = PBXFileReference; lastKnownFileType = sourcecode.c.h; path = PrefixHeader.pch; sourceTree = "<group>"; };
		4A19550521ABE4D8007ADFCA /* MonitorListCell.h */ = {isa = PBXFileReference; lastKnownFileType = sourcecode.c.h; path = MonitorListCell.h; sourceTree = "<group>"; };
		4A19550621ABE4D8007ADFCA /* MonitorListCell.m */ = {isa = PBXFileReference; lastKnownFileType = sourcecode.c.objc; path = MonitorListCell.m; sourceTree = "<group>"; };
		4A6C2864219BF75E0059BB08 /* AppDelegate.h */ = {isa = PBXFileReference; fileEncoding = 4; lastKnownFileType = sourcecode.c.h; path = AppDelegate.h; sourceTree = "<group>"; };
		4A6C2865219BF75E0059BB08 /* AppDelegate.m */ = {isa = PBXFileReference; fileEncoding = 4; lastKnownFileType = sourcecode.c.objc; path = AppDelegate.m; sourceTree = "<group>"; };
		4A6C286E219C156D0059BB08 /* PWMNInputItem.m */ = {isa = PBXFileReference; fileEncoding = 4; lastKnownFileType = sourcecode.c.objc; path = PWMNInputItem.m; sourceTree = "<group>"; };
		4A6C286F219C156D0059BB08 /* PWMNView.h */ = {isa = PBXFileReference; fileEncoding = 4; lastKnownFileType = sourcecode.c.h; path = PWMNView.h; sourceTree = "<group>"; };
		4A6C2870219C156D0059BB08 /* PWMNInputItem.h */ = {isa = PBXFileReference; fileEncoding = 4; lastKnownFileType = sourcecode.c.h; path = PWMNInputItem.h; sourceTree = "<group>"; };
		4A6C2871219C156D0059BB08 /* PWMNView.m */ = {isa = PBXFileReference; fileEncoding = 4; lastKnownFileType = sourcecode.c.objc; path = PWMNView.m; sourceTree = "<group>"; };
		4A6C287B219C1B9C0059BB08 /* MainTabBarController.h */ = {isa = PBXFileReference; lastKnownFileType = sourcecode.c.h; path = MainTabBarController.h; sourceTree = "<group>"; };
		4A6C287C219C1B9C0059BB08 /* MainTabBarController.m */ = {isa = PBXFileReference; lastKnownFileType = sourcecode.c.objc; path = MainTabBarController.m; sourceTree = "<group>"; };
		4A6C2882219D16790059BB08 /* CCNavigationController.h */ = {isa = PBXFileReference; lastKnownFileType = sourcecode.c.h; path = CCNavigationController.h; sourceTree = "<group>"; };
		4A6C2883219D16790059BB08 /* CCNavigationController.m */ = {isa = PBXFileReference; lastKnownFileType = sourcecode.c.objc; path = CCNavigationController.m; sourceTree = "<group>"; };
		4A6C2885219D50980059BB08 /* RootViewController.h */ = {isa = PBXFileReference; lastKnownFileType = sourcecode.c.h; path = RootViewController.h; sourceTree = "<group>"; };
		4A6C2886219D50980059BB08 /* RootViewController.m */ = {isa = PBXFileReference; lastKnownFileType = sourcecode.c.objc; path = RootViewController.m; sourceTree = "<group>"; };
		4A6C288D219D59700059BB08 /* RefreshTableView.h */ = {isa = PBXFileReference; lastKnownFileType = sourcecode.c.h; path = RefreshTableView.h; sourceTree = "<group>"; };
		4A6C288E219D59700059BB08 /* RefreshTableView.m */ = {isa = PBXFileReference; lastKnownFileType = sourcecode.c.objc; path = RefreshTableView.m; sourceTree = "<group>"; };
		4A6C289621A2B6870059BB08 /* BaseWebVC.h */ = {isa = PBXFileReference; lastKnownFileType = sourcecode.c.h; path = BaseWebVC.h; sourceTree = "<group>"; };
		4A6C289721A2B6870059BB08 /* BaseWebVC.m */ = {isa = PBXFileReference; lastKnownFileType = sourcecode.c.objc; path = BaseWebVC.m; sourceTree = "<group>"; };
		4A95BB82217DAD6100FC2979 /* App.app */ = {isa = PBXFileReference; explicitFileType = wrapper.application; includeInIndex = 0; path = App.app; sourceTree = BUILT_PRODUCTS_DIR; };
		4A95BB8C217DAD6100FC2979 /* Base */ = {isa = PBXFileReference; lastKnownFileType = file.storyboard; name = Base; path = Base.lproj/Main.storyboard; sourceTree = "<group>"; };
		4A95BB8E217DAD6100FC2979 /* Assets.xcassets */ = {isa = PBXFileReference; lastKnownFileType = folder.assetcatalog; path = Assets.xcassets; sourceTree = "<group>"; };
		4A95BB91217DAD6100FC2979 /* Base */ = {isa = PBXFileReference; lastKnownFileType = file.storyboard; name = Base; path = Base.lproj/LaunchScreen.storyboard; sourceTree = "<group>"; };
		4A95BB93217DAD6100FC2979 /* Info.plist */ = {isa = PBXFileReference; lastKnownFileType = text.plist.xml; path = Info.plist; sourceTree = "<group>"; };
		4A95BB94217DAD6100FC2979 /* main.m */ = {isa = PBXFileReference; lastKnownFileType = sourcecode.c.objc; path = main.m; sourceTree = "<group>"; };
		4A95BBB5217DB76100FC2979 /* UIFont+runtime.m */ = {isa = PBXFileReference; fileEncoding = 4; lastKnownFileType = sourcecode.c.objc; path = "UIFont+runtime.m"; sourceTree = "<group>"; };
		4A95BBB6217DB76100FC2979 /* UIFont+runtime.h */ = {isa = PBXFileReference; fileEncoding = 4; lastKnownFileType = sourcecode.c.h; path = "UIFont+runtime.h"; sourceTree = "<group>"; };
		4A95BBD021816A3F00FC2979 /* zh-Hans */ = {isa = PBXFileReference; lastKnownFileType = text.plist.strings; name = "zh-Hans"; path = "zh-Hans.lproj/Main.strings"; sourceTree = "<group>"; };
		4A95BBD121816A3F00FC2979 /* zh-Hans */ = {isa = PBXFileReference; lastKnownFileType = text.plist.strings; name = "zh-Hans"; path = "zh-Hans.lproj/LaunchScreen.strings"; sourceTree = "<group>"; };
		4A95BBD92181C52200FC2979 /* zh-Hans */ = {isa = PBXFileReference; lastKnownFileType = text.plist.strings; name = "zh-Hans"; path = "zh-Hans.lproj/InfoPlist.strings"; sourceTree = "<group>"; };
		4A95BBDB2181C52500FC2979 /* en */ = {isa = PBXFileReference; lastKnownFileType = text.plist.strings; name = en; path = en.lproj/InfoPlist.strings; sourceTree = "<group>"; };
		4A95BBDF2181C76F00FC2979 /* en */ = {isa = PBXFileReference; lastKnownFileType = text.plist.strings; name = en; path = en.lproj/Localizable.strings; sourceTree = "<group>"; };
		4A95BBE12181C77000FC2979 /* zh-Hans */ = {isa = PBXFileReference; lastKnownFileType = text.plist.strings; name = "zh-Hans"; path = "zh-Hans.lproj/Localizable.strings"; sourceTree = "<group>"; };
		4ABF426121ACDCBE002AF34E /* MonitorListModel.h */ = {isa = PBXFileReference; lastKnownFileType = sourcecode.c.h; path = MonitorListModel.h; sourceTree = "<group>"; };
		4ABF426221ACDCBE002AF34E /* MonitorListModel.m */ = {isa = PBXFileReference; lastKnownFileType = sourcecode.c.objc; path = MonitorListModel.m; sourceTree = "<group>"; };
		B7EFF91B9D058239D3C4CCB7 /* Pods-App.release.xcconfig */ = {isa = PBXFileReference; includeInIndex = 1; lastKnownFileType = text.xcconfig; name = "Pods-App.release.xcconfig"; path = "Pods/Target Support Files/Pods-App/Pods-App.release.xcconfig"; sourceTree = "<group>"; };
		B970E690A7749BE7FFE2775D /* libPods-App.a */ = {isa = PBXFileReference; explicitFileType = archive.ar; includeInIndex = 0; path = "libPods-App.a"; sourceTree = BUILT_PRODUCTS_DIR; };
/* End PBXFileReference section */

/* Begin PBXFrameworksBuildPhase section */
		4A95BB7F217DAD6100FC2979 /* Frameworks */ = {
			isa = PBXFrameworksBuildPhase;
			buildActionMask = 2147483647;
			files = (
				EE2F6C2A4D1F68EF40F9CE3D /* libPods-App.a in Frameworks */,
			);
			runOnlyForDeploymentPostprocessing = 0;
		};
/* End PBXFrameworksBuildPhase section */

/* Begin PBXGroup section */
		3F34F2B0D556CBC0BA511C11 /* Pods */ = {
			isa = PBXGroup;
			children = (
				2151DBDF9517705F58B77BDE /* Pods-App.debug.xcconfig */,
				B7EFF91B9D058239D3C4CCB7 /* Pods-App.release.xcconfig */,
			);
			name = Pods;
			sourceTree = "<group>";
		};
		4A19546E21A7A3E3007ADFCA /* DataBase */ = {
			isa = PBXGroup;
			children = (
			);
			path = DataBase;
			sourceTree = "<group>";
		};
		4A19546F21A7A445007ADFCA /* LocalLog */ = {
			isa = PBXGroup;
			children = (
				4A19547121A7A445007ADFCA /* LogManager.h */,
				4A19547021A7A445007ADFCA /* LogManager.m */,
			);
			path = LocalLog;
			sourceTree = "<group>";
		};
		4A19547321A7ACAD007ADFCA /* View */ = {
			isa = PBXGroup;
			children = (
				4A19548621A7F7BE007ADFCA /* PWInfoBoard */,
				4A19550521ABE4D8007ADFCA /* MonitorListCell.h */,
				4A19550621ABE4D8007ADFCA /* MonitorListCell.m */,
			);
			path = View;
			sourceTree = "<group>";
		};
		4A19548621A7F7BE007ADFCA /* PWInfoBoard */ = {
			isa = PBXGroup;
			children = (
				4A19548C21A7F7BE007ADFCA /* PWInfoBoard.h */,
				4A19548821A7F7BE007ADFCA /* PWInfoBoard.m */,
				4A19548721A7F7BE007ADFCA /* PWInfoInitialView.h */,
				4A19548A21A7F7BE007ADFCA /* PWInfoInitialView.m */,
				4A19548B21A7F7BE007ADFCA /* PWInfoBoardCell.h */,
				4A19548921A7F7BE007ADFCA /* PWInfoBoardCell.m */,
			);
			path = PWInfoBoard;
			sourceTree = "<group>";
		};
		4A6C2863219BF75E0059BB08 /* AppDelegate */ = {
			isa = PBXGroup;
			children = (
				4A6C2864219BF75E0059BB08 /* AppDelegate.h */,
				4A6C2865219BF75E0059BB08 /* AppDelegate.m */,
			);
			path = AppDelegate;
			sourceTree = "<group>";
		};
		4A6C2867219C074C0059BB08 /* Base */ = {
			isa = PBXGroup;
			children = (
				4A6C2889219D58820059BB08 /* RefreshTableView */,
				4A6C287A219C1B6F0059BB08 /* NavigationController */,
				4A6C2879219C1B6F0059BB08 /* RootViewController */,
				4A6C2878219C1B6F0059BB08 /* TabbarController */,
				4A6C2877219C1B6F0059BB08 /* WebViewController */,
			);
			path = Base;
			sourceTree = "<group>";
		};
		4A6C2868219C075A0059BB08 /* Define */ = {
			isa = PBXGroup;
			children = (
				4A19549021A7FEDE007ADFCA /* UtilsMacros.h */,
			);
			path = Define;
			sourceTree = "<group>";
		};
		4A6C286B219C156D0059BB08 /* Modules */ = {
			isa = PBXGroup;
			children = (
				4A6C287E219D08B70059BB08 /* Home */,
				4A6C287F219D08B70059BB08 /* Synchronization */,
				4A6C2880219D08B70059BB08 /* ClouldCare+ */,
				4A6C2881219D08B70059BB08 /* Mine */,
				4A6C286C219C156D0059BB08 /* Login */,
			);
			path = Modules;
			sourceTree = "<group>";
		};
		4A6C286C219C156D0059BB08 /* Login */ = {
			isa = PBXGroup;
			children = (
				4A6C286D219C156D0059BB08 /* CCMultiNumberInput */,
			);
			path = Login;
			sourceTree = "<group>";
		};
		4A6C286D219C156D0059BB08 /* CCMultiNumberInput */ = {
			isa = PBXGroup;
			children = (
				4A6C286E219C156D0059BB08 /* PWMNInputItem.m */,
				4A6C286F219C156D0059BB08 /* PWMNView.h */,
				4A6C2870219C156D0059BB08 /* PWMNInputItem.h */,
				4A6C2871219C156D0059BB08 /* PWMNView.m */,
			);
			path = CCMultiNumberInput;
			sourceTree = "<group>";
		};
		4A6C2874219C15820059BB08 /* Utils */ = {
			isa = PBXGroup;
			children = (
				4A19546F21A7A445007ADFCA /* LocalLog */,
				4A19546E21A7A3E3007ADFCA /* DataBase */,
				4A95BBB4217DB76100FC2979 /* Adaptive */,
				4A95BBE92182AF4100FC2979 /* Network */,
			);
			path = Utils;
			sourceTree = "<group>";
		};
		4A6C2875219C15970059BB08 /* ThridParty */ = {
			isa = PBXGroup;
			children = (
			);
			path = ThridParty;
			sourceTree = "<group>";
		};
		4A6C2876219C15BE0059BB08 /* Resource */ = {
			isa = PBXGroup;
			children = (
			);
			path = Resource;
			sourceTree = "<group>";
		};
		4A6C2877219C1B6F0059BB08 /* WebViewController */ = {
			isa = PBXGroup;
			children = (
				4A6C289621A2B6870059BB08 /* BaseWebVC.h */,
				4A6C289721A2B6870059BB08 /* BaseWebVC.m */,
			);
			path = WebViewController;
			sourceTree = "<group>";
		};
		4A6C2878219C1B6F0059BB08 /* TabbarController */ = {
			isa = PBXGroup;
			children = (
				4A6C287B219C1B9C0059BB08 /* MainTabBarController.h */,
				4A6C287C219C1B9C0059BB08 /* MainTabBarController.m */,
			);
			path = TabbarController;
			sourceTree = "<group>";
		};
		4A6C2879219C1B6F0059BB08 /* RootViewController */ = {
			isa = PBXGroup;
			children = (
				4A6C2885219D50980059BB08 /* RootViewController.h */,
				4A6C2886219D50980059BB08 /* RootViewController.m */,
			);
			path = RootViewController;
			sourceTree = "<group>";
		};
		4A6C287A219C1B6F0059BB08 /* NavigationController */ = {
			isa = PBXGroup;
			children = (
				4A6C2882219D16790059BB08 /* CCNavigationController.h */,
				4A6C2883219D16790059BB08 /* CCNavigationController.m */,
			);
			path = NavigationController;
			sourceTree = "<group>";
		};
		4A6C287E219D08B70059BB08 /* Home */ = {
			isa = PBXGroup;
			children = (
				4ABF426021ACDC90002AF34E /* Model */,
				4A19547321A7ACAD007ADFCA /* View */,
			);
			path = Home;
			sourceTree = "<group>";
		};
		4A6C287F219D08B70059BB08 /* Synchronization */ = {
			isa = PBXGroup;
			children = (
			);
			path = Synchronization;
			sourceTree = "<group>";
		};
		4A6C2880219D08B70059BB08 /* ClouldCare+ */ = {
			isa = PBXGroup;
			children = (
			);
			path = "ClouldCare+";
			sourceTree = "<group>";
		};
		4A6C2881219D08B70059BB08 /* Mine */ = {
			isa = PBXGroup;
			children = (
			);
			path = Mine;
			sourceTree = "<group>";
		};
		4A6C2888219D586D0059BB08 /* Manager */ = {
			isa = PBXGroup;
			children = (
			);
			path = Manager;
			sourceTree = "<group>";
		};
		4A6C2889219D58820059BB08 /* RefreshTableView */ = {
			isa = PBXGroup;
			children = (
				4A6C288D219D59700059BB08 /* RefreshTableView.h */,
				4A6C288E219D59700059BB08 /* RefreshTableView.m */,
			);
			path = RefreshTableView;
			sourceTree = "<group>";
		};
		4A95BB79217DAD6100FC2979 = {
			isa = PBXGroup;
			children = (
				4A95BB84217DAD6100FC2979 /* App */,
				4A95BB83217DAD6100FC2979 /* Products */,
				3F34F2B0D556CBC0BA511C11 /* Pods */,
				AA4215202FD2BC75048B9D47 /* Frameworks */,
			);
			sourceTree = "<group>";
		};
		4A95BB83217DAD6100FC2979 /* Products */ = {
			isa = PBXGroup;
			children = (
				4A95BB82217DAD6100FC2979 /* App.app */,
			);
			name = Products;
			sourceTree = "<group>";
		};
		4A95BB84217DAD6100FC2979 /* App */ = {
			isa = PBXGroup;
			children = (
				4A6C2863219BF75E0059BB08 /* AppDelegate */,
				4A6C2888219D586D0059BB08 /* Manager */,
				4A6C286B219C156D0059BB08 /* Modules */,
				4A6C2874219C15820059BB08 /* Utils */,
				4A6C2867219C074C0059BB08 /* Base */,
				4A6C2875219C15970059BB08 /* ThridParty */,
				4A6C2868219C075A0059BB08 /* Define */,
				4A6C2876219C15BE0059BB08 /* Resource */,
				4A95BB8B217DAD6100FC2979 /* Main.storyboard */,
				4A95BB8E217DAD6100FC2979 /* Assets.xcassets */,
				4A95BB90217DAD6100FC2979 /* LaunchScreen.storyboard */,
				4A95BBDA2181C52200FC2979 /* InfoPlist.strings */,
				4A95BBE02181C76F00FC2979 /* Localizable.strings */,
				4A95BB93217DAD6100FC2979 /* Info.plist */,
				4A95BB94217DAD6100FC2979 /* main.m */,
				4A19549121A8060D007ADFCA /* PrefixHeader.pch */,
			);
			path = App;
			sourceTree = "<group>";
		};
		4A95BBB4217DB76100FC2979 /* Adaptive */ = {
			isa = PBXGroup;
			children = (
				4A95BBB6217DB76100FC2979 /* UIFont+runtime.h */,
				4A95BBB5217DB76100FC2979 /* UIFont+runtime.m */,
			);
			path = Adaptive;
			sourceTree = "<group>";
		};
		4A95BBE92182AF4100FC2979 /* Network */ = {
			isa = PBXGroup;
			children = (
			);
			path = Network;
			sourceTree = "<group>";
		};
		4ABF426021ACDC90002AF34E /* Model */ = {
			isa = PBXGroup;
			children = (
				4ABF426121ACDCBE002AF34E /* MonitorListModel.h */,
				4ABF426221ACDCBE002AF34E /* MonitorListModel.m */,
			);
			path = Model;
			sourceTree = "<group>";
		};
		AA4215202FD2BC75048B9D47 /* Frameworks */ = {
			isa = PBXGroup;
			children = (
				B970E690A7749BE7FFE2775D /* libPods-App.a */,
			);
			name = Frameworks;
			sourceTree = "<group>";
		};
/* End PBXGroup section */

/* Begin PBXNativeTarget section */
		4A95BB81217DAD6100FC2979 /* App */ = {
			isa = PBXNativeTarget;
			buildConfigurationList = 4A95BB98217DAD6100FC2979 /* Build configuration list for PBXNativeTarget "App" */;
			buildPhases = (
				579FFACBF0095BE129E7091C /* [CP] Check Pods Manifest.lock */,
				4A95BB7E217DAD6100FC2979 /* Sources */,
				4A95BB7F217DAD6100FC2979 /* Frameworks */,
				4A95BB80217DAD6100FC2979 /* Resources */,
				4D429BC8A551DFF5F486FECE /* [CP] Copy Pods Resources */,
			);
			buildRules = (
			);
			dependencies = (
			);
			name = App;
			productName = App;
			productReference = 4A95BB82217DAD6100FC2979 /* App.app */;
			productType = "com.apple.product-type.application";
		};
/* End PBXNativeTarget section */

/* Begin PBXProject section */
		4A95BB7A217DAD6100FC2979 /* Project object */ = {
			isa = PBXProject;
			attributes = {
				LastUpgradeCheck = 0920;
				ORGANIZATIONNAME = hll;
				TargetAttributes = {
					4A95BB81217DAD6100FC2979 = {
						CreatedOnToolsVersion = 9.2;
						ProvisioningStyle = Automatic;
					};
				};
			};
			buildConfigurationList = 4A95BB7D217DAD6100FC2979 /* Build configuration list for PBXProject "App" */;
			compatibilityVersion = "Xcode 8.0";
			developmentRegion = en;
			hasScannedForEncodings = 0;
			knownRegions = (
				en,
				Base,
				"zh-Hans",
			);
			mainGroup = 4A95BB79217DAD6100FC2979;
			productRefGroup = 4A95BB83217DAD6100FC2979 /* Products */;
			projectDirPath = "";
			projectRoot = "";
			targets = (
				4A95BB81217DAD6100FC2979 /* App */,
			);
		};
/* End PBXProject section */

/* Begin PBXResourcesBuildPhase section */
		4A95BB80217DAD6100FC2979 /* Resources */ = {
			isa = PBXResourcesBuildPhase;
			buildActionMask = 2147483647;
			files = (
				4A95BBDE2181C76F00FC2979 /* Localizable.strings in Resources */,
				4A95BB92217DAD6100FC2979 /* LaunchScreen.storyboard in Resources */,
				4A95BBD82181C52200FC2979 /* InfoPlist.strings in Resources */,
				4A95BB8F217DAD6100FC2979 /* Assets.xcassets in Resources */,
				4A95BB8D217DAD6100FC2979 /* Main.storyboard in Resources */,
			);
			runOnlyForDeploymentPostprocessing = 0;
		};
/* End PBXResourcesBuildPhase section */

/* Begin PBXShellScriptBuildPhase section */
		4D429BC8A551DFF5F486FECE /* [CP] Copy Pods Resources */ = {
			isa = PBXShellScriptBuildPhase;
			buildActionMask = 2147483647;
			files = (
			);
			inputPaths = (
				"${SRCROOT}/Pods/Target Support Files/Pods-App/Pods-App-resources.sh",
				"${PODS_ROOT}/MJRefresh/MJRefresh/MJRefresh.bundle",
			);
			name = "[CP] Copy Pods Resources";
			outputPaths = (
				"${TARGET_BUILD_DIR}/${UNLOCALIZED_RESOURCES_FOLDER_PATH}/MJRefresh.bundle",
			);
			runOnlyForDeploymentPostprocessing = 0;
			shellPath = /bin/sh;
			shellScript = "\"${SRCROOT}/Pods/Target Support Files/Pods-App/Pods-App-resources.sh\"\n";
			showEnvVarsInLog = 0;
		};
		579FFACBF0095BE129E7091C /* [CP] Check Pods Manifest.lock */ = {
			isa = PBXShellScriptBuildPhase;
			buildActionMask = 2147483647;
			files = (
			);
			inputPaths = (
				"${PODS_PODFILE_DIR_PATH}/Podfile.lock",
				"${PODS_ROOT}/Manifest.lock",
			);
			name = "[CP] Check Pods Manifest.lock";
			outputPaths = (
				"$(DERIVED_FILE_DIR)/Pods-App-checkManifestLockResult.txt",
			);
			runOnlyForDeploymentPostprocessing = 0;
			shellPath = /bin/sh;
			shellScript = "diff \"${PODS_PODFILE_DIR_PATH}/Podfile.lock\" \"${PODS_ROOT}/Manifest.lock\" > /dev/null\nif [ $? != 0 ] ; then\n    # print error to STDERR\n    echo \"error: The sandbox is not in sync with the Podfile.lock. Run 'pod install' or update your CocoaPods installation.\" >&2\n    exit 1\nfi\n# This output is used by Xcode 'outputs' to avoid re-running this script phase.\necho \"SUCCESS\" > \"${SCRIPT_OUTPUT_FILE_0}\"\n";
			showEnvVarsInLog = 0;
		};
/* End PBXShellScriptBuildPhase section */

/* Begin PBXSourcesBuildPhase section */
		4A95BB7E217DAD6100FC2979 /* Sources */ = {
			isa = PBXSourcesBuildPhase;
			buildActionMask = 2147483647;
			files = (
				4A19547221A7A445007ADFCA /* LogManager.m in Sources */,
				4A6C2873219C156D0059BB08 /* PWMNView.m in Sources */,
				4ABF426321ACDCBE002AF34E /* MonitorListModel.m in Sources */,
				4A6C289821A2B6870059BB08 /* BaseWebVC.m in Sources */,
				4A6C2872219C156D0059BB08 /* PWMNInputItem.m in Sources */,
				4A19548E21A7F7BF007ADFCA /* PWInfoBoardCell.m in Sources */,
				4A95BB95217DAD6100FC2979 /* main.m in Sources */,
				4A19548F21A7F7BF007ADFCA /* PWInfoInitialView.m in Sources */,
				4A6C2887219D50980059BB08 /* RootViewController.m in Sources */,
				4A6C2866219BF75F0059BB08 /* AppDelegate.m in Sources */,
				4A6C288F219D59700059BB08 /* RefreshTableView.m in Sources */,
				4A6C287D219C1B9C0059BB08 /* MainTabBarController.m in Sources */,
				4A19550721ABE4D8007ADFCA /* MonitorListCell.m in Sources */,
				4A95BBB7217DB76100FC2979 /* UIFont+runtime.m in Sources */,
				4A6C2884219D16790059BB08 /* CCNavigationController.m in Sources */,
				4A19548D21A7F7BF007ADFCA /* PWInfoBoard.m in Sources */,
			);
			runOnlyForDeploymentPostprocessing = 0;
		};
/* End PBXSourcesBuildPhase section */

/* Begin PBXVariantGroup section */
		4A95BB8B217DAD6100FC2979 /* Main.storyboard */ = {
			isa = PBXVariantGroup;
			children = (
				4A95BB8C217DAD6100FC2979 /* Base */,
				4A95BBD021816A3F00FC2979 /* zh-Hans */,
			);
			name = Main.storyboard;
			sourceTree = "<group>";
		};
		4A95BB90217DAD6100FC2979 /* LaunchScreen.storyboard */ = {
			isa = PBXVariantGroup;
			children = (
				4A95BB91217DAD6100FC2979 /* Base */,
				4A95BBD121816A3F00FC2979 /* zh-Hans */,
			);
			name = LaunchScreen.storyboard;
			sourceTree = "<group>";
		};
		4A95BBDA2181C52200FC2979 /* InfoPlist.strings */ = {
			isa = PBXVariantGroup;
			children = (
				4A95BBD92181C52200FC2979 /* zh-Hans */,
				4A95BBDB2181C52500FC2979 /* en */,
			);
			name = InfoPlist.strings;
			sourceTree = "<group>";
		};
		4A95BBE02181C76F00FC2979 /* Localizable.strings */ = {
			isa = PBXVariantGroup;
			children = (
				4A95BBDF2181C76F00FC2979 /* en */,
				4A95BBE12181C77000FC2979 /* zh-Hans */,
			);
			name = Localizable.strings;
			sourceTree = "<group>";
		};
/* End PBXVariantGroup section */

/* Begin XCBuildConfiguration section */
		4A95BB96217DAD6100FC2979 /* Debug */ = {
			isa = XCBuildConfiguration;
			buildSettings = {
				ALWAYS_SEARCH_USER_PATHS = NO;
				CLANG_ANALYZER_LOCALIZABILITY_NONLOCALIZED = YES;
				CLANG_ANALYZER_NONNULL = YES;
				CLANG_ANALYZER_NUMBER_OBJECT_CONVERSION = YES_AGGRESSIVE;
				CLANG_CXX_LANGUAGE_STANDARD = "gnu++14";
				CLANG_CXX_LIBRARY = "libc++";
				CLANG_ENABLE_MODULES = YES;
				CLANG_ENABLE_OBJC_ARC = YES;
				CLANG_WARN_BLOCK_CAPTURE_AUTORELEASING = YES;
				CLANG_WARN_BOOL_CONVERSION = YES;
				CLANG_WARN_COMMA = YES;
				CLANG_WARN_CONSTANT_CONVERSION = YES;
				CLANG_WARN_DIRECT_OBJC_ISA_USAGE = YES_ERROR;
				CLANG_WARN_DOCUMENTATION_COMMENTS = YES;
				CLANG_WARN_EMPTY_BODY = YES;
				CLANG_WARN_ENUM_CONVERSION = YES;
				CLANG_WARN_INFINITE_RECURSION = YES;
				CLANG_WARN_INT_CONVERSION = YES;
				CLANG_WARN_NON_LITERAL_NULL_CONVERSION = YES;
				CLANG_WARN_OBJC_LITERAL_CONVERSION = YES;
				CLANG_WARN_OBJC_ROOT_CLASS = YES_ERROR;
				CLANG_WARN_RANGE_LOOP_ANALYSIS = YES;
				CLANG_WARN_STRICT_PROTOTYPES = YES;
				CLANG_WARN_SUSPICIOUS_MOVE = YES;
				CLANG_WARN_UNGUARDED_AVAILABILITY = YES_AGGRESSIVE;
				CLANG_WARN_UNREACHABLE_CODE = YES;
				CLANG_WARN__DUPLICATE_METHOD_MATCH = YES;
				CODE_SIGN_IDENTITY = "iPhone Developer";
				COPY_PHASE_STRIP = NO;
				DEBUG_INFORMATION_FORMAT = dwarf;
				ENABLE_STRICT_OBJC_MSGSEND = YES;
				ENABLE_TESTABILITY = YES;
				GCC_C_LANGUAGE_STANDARD = gnu11;
				GCC_DYNAMIC_NO_PIC = NO;
				GCC_NO_COMMON_BLOCKS = YES;
				GCC_OPTIMIZATION_LEVEL = 0;
				GCC_PRECOMPILE_PREFIX_HEADER = YES;
				GCC_PREFIX_HEADER = "$(SRCROOT)/App/PrefixHeader.pch";
				GCC_PREPROCESSOR_DEFINITIONS = (
					"DEBUG=1",
					"$(inherited)",
				);
				GCC_WARN_64_TO_32_BIT_CONVERSION = YES;
				GCC_WARN_ABOUT_RETURN_TYPE = YES_ERROR;
				GCC_WARN_UNDECLARED_SELECTOR = YES;
				GCC_WARN_UNINITIALIZED_AUTOS = YES_AGGRESSIVE;
				GCC_WARN_UNUSED_FUNCTION = YES;
				GCC_WARN_UNUSED_VARIABLE = YES;
				IPHONEOS_DEPLOYMENT_TARGET = 11.2;
				MTL_ENABLE_DEBUG_INFO = YES;
				ONLY_ACTIVE_ARCH = YES;
				SDKROOT = iphoneos;
			};
			name = Debug;
		};
		4A95BB97217DAD6100FC2979 /* Release */ = {
			isa = XCBuildConfiguration;
			buildSettings = {
				ALWAYS_SEARCH_USER_PATHS = NO;
				CLANG_ANALYZER_LOCALIZABILITY_NONLOCALIZED = YES;
				CLANG_ANALYZER_NONNULL = YES;
				CLANG_ANALYZER_NUMBER_OBJECT_CONVERSION = YES_AGGRESSIVE;
				CLANG_CXX_LANGUAGE_STANDARD = "gnu++14";
				CLANG_CXX_LIBRARY = "libc++";
				CLANG_ENABLE_MODULES = YES;
				CLANG_ENABLE_OBJC_ARC = YES;
				CLANG_WARN_BLOCK_CAPTURE_AUTORELEASING = YES;
				CLANG_WARN_BOOL_CONVERSION = YES;
				CLANG_WARN_COMMA = YES;
				CLANG_WARN_CONSTANT_CONVERSION = YES;
				CLANG_WARN_DIRECT_OBJC_ISA_USAGE = YES_ERROR;
				CLANG_WARN_DOCUMENTATION_COMMENTS = YES;
				CLANG_WARN_EMPTY_BODY = YES;
				CLANG_WARN_ENUM_CONVERSION = YES;
				CLANG_WARN_INFINITE_RECURSION = YES;
				CLANG_WARN_INT_CONVERSION = YES;
				CLANG_WARN_NON_LITERAL_NULL_CONVERSION = YES;
				CLANG_WARN_OBJC_LITERAL_CONVERSION = YES;
				CLANG_WARN_OBJC_ROOT_CLASS = YES_ERROR;
				CLANG_WARN_RANGE_LOOP_ANALYSIS = YES;
				CLANG_WARN_STRICT_PROTOTYPES = YES;
				CLANG_WARN_SUSPICIOUS_MOVE = YES;
				CLANG_WARN_UNGUARDED_AVAILABILITY = YES_AGGRESSIVE;
				CLANG_WARN_UNREACHABLE_CODE = YES;
				CLANG_WARN__DUPLICATE_METHOD_MATCH = YES;
				CODE_SIGN_IDENTITY = "iPhone Developer";
				COPY_PHASE_STRIP = NO;
				DEBUG_INFORMATION_FORMAT = "dwarf-with-dsym";
				ENABLE_NS_ASSERTIONS = NO;
				ENABLE_STRICT_OBJC_MSGSEND = YES;
				GCC_C_LANGUAGE_STANDARD = gnu11;
				GCC_NO_COMMON_BLOCKS = YES;
				GCC_PRECOMPILE_PREFIX_HEADER = YES;
				GCC_PREFIX_HEADER = "$(SRCROOT)/App/PrefixHeader.pch";
				GCC_WARN_64_TO_32_BIT_CONVERSION = YES;
				GCC_WARN_ABOUT_RETURN_TYPE = YES_ERROR;
				GCC_WARN_UNDECLARED_SELECTOR = YES;
				GCC_WARN_UNINITIALIZED_AUTOS = YES_AGGRESSIVE;
				GCC_WARN_UNUSED_FUNCTION = YES;
				GCC_WARN_UNUSED_VARIABLE = YES;
				IPHONEOS_DEPLOYMENT_TARGET = 11.2;
				MTL_ENABLE_DEBUG_INFO = NO;
				SDKROOT = iphoneos;
				VALIDATE_PRODUCT = YES;
			};
			name = Release;
		};
		4A95BB99217DAD6100FC2979 /* Debug */ = {
			isa = XCBuildConfiguration;
			baseConfigurationReference = 2151DBDF9517705F58B77BDE /* Pods-App.debug.xcconfig */;
			buildSettings = {
				ASSETCATALOG_COMPILER_APPICON_NAME = AppIcon;
				CODE_SIGN_STYLE = Automatic;
				DEVELOPMENT_TEAM = BW62V33GLH;
				INFOPLIST_FILE = App/Info.plist;
				IPHONEOS_DEPLOYMENT_TARGET = 8.0;
				LD_RUNPATH_SEARCH_PATHS = "$(inherited) @executable_path/Frameworks";
				PRODUCT_BUNDLE_IDENTIFIER = HLL.App;
				PRODUCT_NAME = "$(TARGET_NAME)";
				TARGETED_DEVICE_FAMILY = "1,2";
			};
			name = Debug;
		};
		4A95BB9A217DAD6100FC2979 /* Release */ = {
			isa = XCBuildConfiguration;
			baseConfigurationReference = B7EFF91B9D058239D3C4CCB7 /* Pods-App.release.xcconfig */;
			buildSettings = {
				ASSETCATALOG_COMPILER_APPICON_NAME = AppIcon;
				CODE_SIGN_STYLE = Automatic;
				DEVELOPMENT_TEAM = BW62V33GLH;
				INFOPLIST_FILE = App/Info.plist;
				IPHONEOS_DEPLOYMENT_TARGET = 8.0;
				LD_RUNPATH_SEARCH_PATHS = "$(inherited) @executable_path/Frameworks";
				PRODUCT_BUNDLE_IDENTIFIER = HLL.App;
				PRODUCT_NAME = "$(TARGET_NAME)";
				TARGETED_DEVICE_FAMILY = "1,2";
			};
			name = Release;
		};
/* End XCBuildConfiguration section */

/* Begin XCConfigurationList section */
		4A95BB7D217DAD6100FC2979 /* Build configuration list for PBXProject "App" */ = {
			isa = XCConfigurationList;
			buildConfigurations = (
				4A95BB96217DAD6100FC2979 /* Debug */,
				4A95BB97217DAD6100FC2979 /* Release */,
			);
			defaultConfigurationIsVisible = 0;
			defaultConfigurationName = Release;
		};
		4A95BB98217DAD6100FC2979 /* Build configuration list for PBXNativeTarget "App" */ = {
			isa = XCConfigurationList;
			buildConfigurations = (
				4A95BB99217DAD6100FC2979 /* Debug */,
				4A95BB9A217DAD6100FC2979 /* Release */,
			);
			defaultConfigurationIsVisible = 0;
			defaultConfigurationName = Release;
		};
/* End XCConfigurationList section */
	};
	rootObject = 4A95BB7A217DAD6100FC2979 /* Project object */;
}
