PODS:
  - AFNetworking (4.0.1):
    - AFNetworking/NSURLSession (= 4.0.1)
    - AFNetworking/Reachability (= 4.0.1)
    - AFNetworking/Security (= 4.0.1)
    - AFNetworking/Serialization (= 4.0.1)
    - AFNetworking/UIKit (= 4.0.1)
  - AFNetworking/NSURLSession (4.0.1):
    - AFNetworking/Reachability
    - AFNetworking/Security
    - AFNetworking/Serialization
  - AFNetworking/Reachability (4.0.1)
  - AFNetworking/Security (4.0.1)
  - AFNetworking/Serialization (4.0.1)
  - AFNetworking/UIKit (4.0.1):
    - AFNetworking/NSURLSession
  - CocoaLumberjack (3.6.1):
    - CocoaLumberjack/Core (= 3.6.1)
  - CocoaLumberjack/Core (3.6.1)
  - FMDB (2.7.5):
    - FMDB/standard (= 2.7.5)
  - FMDB/standard (2.7.5)
  - FTMobileSDK (1.0.2-alpha.14):
    - FTMobileSDK/FTAutoTrack (= 1.0.2-alpha.14)
    - FTMobileSDK/FTMobileAgent (= 1.0.2-alpha.14)
  - FTMobileSDK/FTAutoTrack (1.0.2-alpha.14):
    - FTMobileSDK/FTMobileAgent
  - FTMobileSDK/FTMobileAgent (1.0.2-alpha.14)
  - IQKeyboardManager (6.2.1)
  - JCore (2.2.5)
  - JPush (3.3.3):
    - JCore (< 3.0.0, >= 2.0.0)
  - JSONModel (1.8.0)
  - LBXScan/LBXNative (2.3):
    - LBXScan/Types (~> 2.2)
  - LBXScan/Types (2.3)
  - LBXScan/UI (2.3):
    - LBXScan/Types (~> 2.2)
  - LumberjackConsole (3.6.0):
    - CocoaLumberjack (>= 3.x)
    - NBUCore (>= 2.1.0)
  - Masonry (1.1.0)
  - MCDingTalk (1.0.1)
  - MJRefresh (3.1.15.7)
  - NBUCore (2.1.0)
  - NBULog (2.0.0):
    - CocoaLumberjack (>= 3.x)
    - NBULog/Base (= 2.0.0)
  - NBULog/Base (2.0.0):
    - CocoaLumberjack (>= 3.x)
  - NBULog/Console (2.0.0):
    - CocoaLumberjack (>= 3.x)
    - LumberjackConsole (>= 3.x)
    - NBULog/Base
  - NullSafe (2.0)
  - ReactiveCocoa (2.0):
    - ReactiveCocoa/Core (= 2.0)
    - ReactiveCocoa/no-arc (= 2.0)
    - ReactiveCocoa/RACExtensions (= 2.0)
  - ReactiveCocoa/Core (2.0):
    - ReactiveCocoa/no-arc
  - ReactiveCocoa/no-arc (2.0)
  - ReactiveCocoa/RACExtensions (2.0):
    - ReactiveCocoa/Core
  - RegexKitLite (4.0)
  - SDWebImage (3.8.3):
    - SDWebImage/Core (= 3.8.3)
  - SDWebImage/Core (3.8.3)
  - Socket.IO-Client-Swift (14.0.0):
    - Starscream (~> 3.0.6)
  - Starscream (3.0.6)
  - TTTAttributedLabel (2.0.0)
  - WechatOpenSDK (1.8.7.1)
  - YYKit (1.0.9):
    - YYKit/no-arc (= 1.0.9)
  - YYKit/no-arc (1.0.9)
  - Zhugeio (3.2.5):
    - Zhugeio/Zhugeio (= 3.2.5)
  - Zhugeio/Zhugeio (3.2.5)

DEPENDENCIES:
  - AFNetworking (~> 4.0)
  - FMDB (~> 2.7.5)
  - FTMobileSDK (~> 1.0.2-alpha.14)
  - IQKeyboardManager (~> 6.2.0)
  - JPush (~> 3.3.2)
  - JSONModel (~> 1.8.0)
  - LBXScan/LBXNative (~> 2.3)
  - LBXScan/UI (~> 2.3)
  - Masonry (~> 1.1.0)
  - MCDingTalk (~> 1.0.1)
  - MJRefresh (~> 3.1.15.7)
  - NBULog (~> 2.0.0)
  - NBULog/Console (~> 2.0.0)
  - NullSafe (~> 2.0)
  - ReactiveCocoa (= 2.0)
  - RegexKitLite (~> 4.0)
  - SDWebImage (~> 3.8)
  - Socket.IO-Client-Swift (~> 14.0.0)
  - TTTAttributedLabel (~> 2.0.0)
  - WechatOpenSDK (~> 1.8.6)
  - YYKit (~> 1.0.9)
  - Zhugeio (~> 3.2.3)

SPEC REPOS:
  trunk:
    - AFNetworking
    - CocoaLumberjack
    - FMDB
    - FTMobileSDK
    - IQKeyboardManager
    - JCore
    - JPush
    - JSONModel
    - LBXScan
    - LumberjackConsole
    - Masonry
    - MCDingTalk
    - MJRefresh
    - NBUCore
    - NBULog
    - NullSafe
    - ReactiveCocoa
    - RegexKitLite
    - SDWebImage
    - Socket.IO-Client-Swift
    - Starscream
    - TTTAttributedLabel
    - WechatOpenSDK
    - YYKit
    - Zhugeio

SPEC CHECKSUMS:
  AFNetworking: 7864c38297c79aaca1500c33288e429c3451fdce
  CocoaLumberjack: b17ae15142558d08bbacf69775fa10c4abbebcc9
  FMDB: 2ce00b547f966261cd18927a3ddb07cb6f3db82a
  FTMobileSDK: 7daf3dc3b5b823e025c1553b4ad85f46edb74bed
  IQKeyboardManager: 964638372b4a61892cc74fdfa6fd26de8c9464a2
  JCore: d75c0306dc99875d323d23e5a063b3a3ef22335a
  JPush: 61b3dc8c2bdefb7c48e7ca283f9fe42e71bfe063
  JSONModel: 02ab723958366a3fd27da57ea2af2113658762e9
  LBXScan: e51449f0832d1fe17da632af0d22adeb3cfa3543
  LumberjackConsole: fd454c900893c83ca8f3dc0248a705b9634850d1
  Masonry: 678fab65091a9290e40e2832a55e7ab731aad201
  MCDingTalk: a701d7de8d13bb722ff3994eb90c0c02a56c49b7
  MJRefresh: 697f8ec75ebdbe9207767bb682cf0f51b0d8a41f
  NBUCore: 201af50441f48513ef6d5823a5fc12c9e1f288cd
  NBULog: eb7872e9aef98806ddb05b5b4ef90a3157117074
  NullSafe: 948feba938f03abede5ed3758694a9fe5b3a65ce
  ReactiveCocoa: c5347d7b1c348d22a85800e14e89da84c5254cfb
  RegexKitLite: c0e4c12e6e7de0769f3a3ed679f0f61604170661
  SDWebImage: a72e880a8fe0f7fc31efe15aaed443c074d2a80c
  Socket.IO-Client-Swift: 21e6a8a23a7d367d5ddfab6cbbd3c679cf3c25d6
  Starscream: ef3ece99d765eeccb67de105bfa143f929026cf5
  TTTAttributedLabel: 8cffe8e127e4e82ff3af1e5386d4cd0ad000b656
  WechatOpenSDK: 6a4d1436c15b3b5fe2a0bd383f3046010186da44
  YYKit: 7cda43304a8dc3696c449041e2cb3107b4e236e7
  Zhugeio: 87c5ec4b2e1783b9837a6ea9ca21818285523bc1

PODFILE CHECKSUM: 3d1b4b1a951016c82b8f5c70612ee12ac5f95442

COCOAPODS: 1.9.1
